{
	"name": "x_ite",
	"version": "4.6.4a",
	"lockfileVersion": 1,
	"requires": true,
	"dependencies": {
		"align-text": {
			"version": "0.1.4",
			"resolved": "https://registry.npmjs.org/align-text/-/align-text-0.1.4.tgz",
			"integrity": "sha1-DNkKVhCT810KmSVsIrcGlDP60Rc=",
			"dev": true,
			"requires": {
				"kind-of": "3.2.2",
				"longest": "1.0.1",
				"repeat-string": "1.6.1"
			}
		},
		"amdefine": {
			"version": "1.0.1",
			"resolved": "https://registry.npmjs.org/amdefine/-/amdefine-1.0.1.tgz",
			"integrity": "sha1-SlKCrBZHKek2Gbz9OtFR+BfOkfU=",
			"dev": true
		},
		"ammojs": {
			"version": "0.0.2",
			"resolved": "https://registry.npmjs.org/ammojs/-/ammojs-0.0.2.tgz",
			"integrity": "sha1-EWwc0dEILa8S6IT82vqFkJpkNDc=",
			"dev": true
		},
		"async": {
			"version": "0.2.10",
			"resolved": "https://registry.npmjs.org/async/-/async-0.2.10.tgz",
			"integrity": "sha1-trvgsGdLnXGXCMo43owjfLUmw9E=",
			"dev": true
		},
		"bezier-js": {
			"version": "2.4.4",
			"resolved": "https://registry.npmjs.org/bezier-js/-/bezier-js-2.4.4.tgz",
			"integrity": "sha512-qYC9FBubdTK4VZe0m+lS7lEpf87w1fnm6g2m1FKsnlz+wfNnJy3gjQt4Y5nnI1NrjJrnQqnZt3S6Z5qjhloDNA==",
			"dev": true
		},
		"camelcase": {
			"version": "1.2.1",
			"resolved": "https://registry.npmjs.org/camelcase/-/camelcase-1.2.1.tgz",
			"integrity": "sha1-m7UwTS4LVmmLLHWLCKPqqdqlijk=",
			"dev": true
		},
		"center-align": {
			"version": "0.1.3",
			"resolved": "https://registry.npmjs.org/center-align/-/center-align-0.1.3.tgz",
			"integrity": "sha1-qg0yYptu6XIgBBHL1EYckHvCt60=",
			"dev": true,
			"requires": {
				"align-text": "0.1.4",
				"lazy-cache": "1.0.4"
			}
		},
		"cliui": {
			"version": "2.1.0",
			"resolved": "https://registry.npmjs.org/cliui/-/cliui-2.1.0.tgz",
			"integrity": "sha1-S0dXYP+AJkx2LDoXGQMukcf+oNE=",
			"dev": true,
			"requires": {
				"center-align": "0.1.3",
				"right-align": "0.1.3",
				"wordwrap": "0.0.2"
			},
			"dependencies": {
				"wordwrap": {
					"version": "0.0.2",
					"resolved": "https://registry.npmjs.org/wordwrap/-/wordwrap-0.0.2.tgz",
					"integrity": "sha1-t5Zpu0LstAn4PVg8rVLKF+qhZD8=",
					"dev": true
				}
			}
		},
		"css-element-queries": {
			"version": "1.2.1",
			"resolved": "https://registry.npmjs.org/css-element-queries/-/css-element-queries-1.2.1.tgz",
			"integrity": "sha512-hiI1tSzf+U/gE13qhfwnCvN90Ay0THnE+mT3pjN/c/mvFmEUHZVNrvMJrrkw2ppOzkl69FdgH2ZGZENYQUaN2A==",
			"dev": true
		},
		"decamelize": {
			"version": "1.2.0",
			"resolved": "https://registry.npmjs.org/decamelize/-/decamelize-1.2.0.tgz",
			"integrity": "sha1-9lNNFRSCabIDUue+4m9QH5oZEpA=",
			"dev": true
		},
		"dicom-parser": {
			"version": "1.8.3",
			"resolved": "https://registry.npmjs.org/dicom-parser/-/dicom-parser-1.8.3.tgz",
			"integrity": "sha512-CMeUr+jea7Ml70N+/Z5Pd2MYtvLp6IU+TnvdLe6VRVKzZuTeYLYyuAQa9R+sFK4v4N39hig+hKHN+Wfi9sQ6GA=="
		},
		"is-buffer": {
			"version": "1.1.6",
			"resolved": "https://registry.npmjs.org/is-buffer/-/is-buffer-1.1.6.tgz",
			"integrity": "sha512-NcdALwpXkTm5Zvvbk7owOUSvVvBKDgKP5/ewfXEznmQFfs4ZRmanOeKBTjRVjka3QFoN6XJ+9F3USqfHqTaU5w==",
			"dev": true
		},
		"jquery": {
			"version": "3.4.1",
			"resolved": "https://registry.npmjs.org/jquery/-/jquery-3.4.1.tgz",
			"integrity": "sha512-36+AdBzCL+y6qjw5Tx7HgzeGCzC81MDDgaUP8ld2zhx58HdqXGoBd+tHdrBMiyjGQs0Hxs/MLZTu/eHNJJuWPw==",
			"dev": true
		},
		"jquery-contextmenu": {
			"version": "2.9.0",
			"resolved": "https://registry.npmjs.org/jquery-contextmenu/-/jquery-contextmenu-2.9.0.tgz",
			"integrity": "sha512-sn0eyBNeIa7AOdU+j3lP2YZ0bbtkrTCtkp3S7UwRf8lurPVKI/3uyOV3h/pMyJclfmO6ps5shObQTfzJiaN/OQ==",
			"dev": true
		},
		"jquery-mousewheel": {
			"version": "3.1.13",
			"resolved": "https://registry.npmjs.org/jquery-mousewheel/-/jquery-mousewheel-3.1.13.tgz",
			"integrity": "sha1-BvAzXxbjU6aV5yBr9QUDy1I6buU=",
			"dev": true
		},
		"jquery.fullscreen": {
			"version": "0.6.0",
			"resolved": "https://registry.npmjs.org/jquery.fullscreen/-/jquery.fullscreen-0.6.0.tgz",
			"integrity": "sha1-l3ERBulutjlRR7YI5k3XBtNkJK0=",
			"dev": true
		},
		"kind-of": {
			"version": "3.2.2",
			"resolved": "https://registry.npmjs.org/kind-of/-/kind-of-3.2.2.tgz",
			"integrity": "sha1-MeohpzS6ubuw8yRm2JOupR5KPGQ=",
			"dev": true,
			"requires": {
				"is-buffer": "1.1.6"
			}
		},
		"lazy-cache": {
			"version": "1.0.4",
			"resolved": "https://registry.npmjs.org/lazy-cache/-/lazy-cache-1.0.4.tgz",
			"integrity": "sha1-odePw6UEdMuAhF07O24dpJpEbo4=",
			"dev": true
		},
		"libtess": {
			"version": "1.2.2",
			"resolved": "https://registry.npmjs.org/libtess/-/libtess-1.2.2.tgz",
			"integrity": "sha1-Fz61KhpXoCOP5I8F0SJFB0SX+Jg=",
			"dev": true
		},
		"longest": {
			"version": "1.0.1",
			"resolved": "https://registry.npmjs.org/longest/-/longest-1.0.1.tgz",
			"integrity": "sha1-MKCy2jj3N3DoKUoNIuZiXtd9AJc=",
			"dev": true
		},
		"opentype.js": {
			"version": "0.11.0",
			"resolved": "https://registry.npmjs.org/opentype.js/-/opentype.js-0.11.0.tgz",
			"integrity": "sha512-Z9NkAyQi/iEKQYzCSa7/VJSqVIs33wknw8Z8po+DzuRUAqivJ+hJZ94mveg3xIeKwLreJdWTMyEO7x1K13l41Q==",
			"dev": true,
			"requires": {
				"string.prototype.codepointat": "0.2.1",
				"tiny-inflate": "1.0.2"
			}
		},
		"optimist": {
			"version": "0.3.7",
			"resolved": "https://registry.npmjs.org/optimist/-/optimist-0.3.7.tgz",
			"integrity": "sha1-yQlBrVnkJzMokjB00s8ufLxuwNk=",
			"dev": true,
			"requires": {
				"wordwrap": "0.0.3"
			}
		},
		"pako": {
			"version": "1.0.10",
			"resolved": "https://registry.npmjs.org/pako/-/pako-1.0.10.tgz",
			"integrity": "sha512-0DTvPVU3ed8+HNXOu5Bs+o//Mbdj9VNQMUOe9oKCwh8l0GNwpTDMKCWbRjgtD291AWnkAgkqA/LOnQS8AmS1tw==",
			"dev": true
		},
		"repeat-string": {
			"version": "1.6.1",
			"resolved": "https://registry.npmjs.org/repeat-string/-/repeat-string-1.6.1.tgz",
			"integrity": "sha1-jcrkcOHIirwtYA//Sndihtp15jc=",
			"dev": true
		},
		"require": {
			"version": "2.4.20",
			"resolved": "https://registry.npmjs.org/require/-/require-2.4.20.tgz",
			"integrity": "sha1-Zstrqqu2XeinHXk/XGX9GE83mLY=",
			"dev": true,
			"requires": {
				"std": "0.1.40",
				"uglify-js": "2.3.0"
			},
			"dependencies": {
				"uglify-js": {
					"version": "2.3.0",
					"resolved": "https://registry.npmjs.org/uglify-js/-/uglify-js-2.3.0.tgz",
					"integrity": "sha1-LN7BbTeKiituz7aYl4TPi3rlSR8=",
					"dev": true,
					"requires": {
						"async": "0.2.10",
						"optimist": "0.3.7",
						"source-map": "0.1.43"
					}
				}
			}
		},
		"requirejs": {
			"version": "2.3.6",
			"resolved": "https://registry.npmjs.org/requirejs/-/requirejs-2.3.6.tgz",
			"integrity": "sha512-ipEzlWQe6RK3jkzikgCupiTbTvm4S0/CAU5GlgptkN5SO6F3u0UD0K18wy6ErDqiCyP4J4YYe1HuAShvsxePLg==",
			"dev": true
		},
		"requirejs-text": {
			"version": "2.0.15",
			"resolved": "https://registry.npmjs.org/requirejs-text/-/requirejs-text-2.0.15.tgz",
			"integrity": "sha1-ExOHM2E/xEV7fhJH6Mt1HfeqVCk=",
			"dev": true
		},
		"right-align": {
			"version": "0.1.3",
			"resolved": "https://registry.npmjs.org/right-align/-/right-align-0.1.3.tgz",
			"integrity": "sha1-YTObci/mo1FWiSENJOFMlhSGE+8=",
			"dev": true,
			"requires": {
				"align-text": "0.1.4"
			}
		},
		"source-map": {
			"version": "0.1.43",
			"resolved": "https://registry.npmjs.org/source-map/-/source-map-0.1.43.tgz",
			"integrity": "sha1-wkvBRspRfBRx9drL4lcbK3+eM0Y=",
			"dev": true,
			"requires": {
				"amdefine": "1.0.1"
			}
		},
		"sprintf-js": {
			"version": "1.1.2",
			"resolved": "https://registry.npmjs.org/sprintf-js/-/sprintf-js-1.1.2.tgz",
			"integrity": "sha512-VE0SOVEHCk7Qc8ulkWw3ntAzXuqf7S2lvwQaDLRnUeIEaKNQJzV6BwmLKhOqT61aGhfUMrXeaBk+oDGCzvhcug==",
			"dev": true
		},
		"std": {
			"version": "0.1.40",
			"resolved": "https://registry.npmjs.org/std/-/std-0.1.40.tgz",
			"integrity": "sha1-Nnil9lCU2eG2teJu2/wCErg0K3E=",
			"dev": true
		},
		"string.prototype.codepointat": {
			"version": "0.2.1",
			"resolved": "https://registry.npmjs.org/string.prototype.codepointat/-/string.prototype.codepointat-0.2.1.tgz",
			"integrity": "sha512-2cBVCj6I4IOvEnjgO/hWqXjqBGsY+zwPmHl12Srk9IXSZ56Jwwmy+66XO5Iut/oQVR7t5ihYdLB0GMa4alEUcg==",
			"dev": true
		},
		"tiny-inflate": {
			"version": "1.0.2",
			"resolved": "https://registry.npmjs.org/tiny-inflate/-/tiny-inflate-1.0.2.tgz",
			"integrity": "sha1-k9nez/yIBb1X6uQxDwt0Xptvs6c=",
			"dev": true
		},
		"uglify-js-es6": {
			"version": "2.8.9",
			"resolved": "https://registry.npmjs.org/uglify-js-es6/-/uglify-js-es6-2.8.9.tgz",
			"integrity": "sha1-ojVFbmFOKvXUsx+8koLVxEUz3ho=",
			"dev": true,
			"requires": {
				"source-map": "0.5.7",
				"uglify-to-browserify": "1.0.2",
				"yargs": "3.10.0"
			},
			"dependencies": {
				"source-map": {
					"version": "0.5.7",
					"resolved": "https://registry.npmjs.org/source-map/-/source-map-0.5.7.tgz",
					"integrity": "sha1-igOdLRAh0i0eoUyA2OpGi6LvP8w=",
					"dev": true
				}
			}
		},
		"uglify-to-browserify": {
			"version": "1.0.2",
			"resolved": "https://registry.npmjs.org/uglify-to-browserify/-/uglify-to-browserify-1.0.2.tgz",
			"integrity": "sha1-bgkk1r2mta/jSeOabWMoUKD4grc=",
			"dev": true
		},
		"window-size": {
			"version": "0.1.0",
			"resolved": "https://registry.npmjs.org/window-size/-/window-size-0.1.0.tgz",
			"integrity": "sha1-VDjNLqk7IC76Ohn+iIeu58lPnJ0=",
			"dev": true
		},
		"wordwrap": {
			"version": "0.0.3",
			"resolved": "https://registry.npmjs.org/wordwrap/-/wordwrap-0.0.3.tgz",
			"integrity": "sha1-o9XabNXAvAAI03I0u68b7WMFkQc=",
			"dev": true
		},
		"yargs": {
			"version": "3.10.0",
			"resolved": "https://registry.npmjs.org/yargs/-/yargs-3.10.0.tgz",
			"integrity": "sha1-9+572FfdfB0tOMDnTvvWgdFDH9E=",
			"dev": true,
			"requires": {
				"camelcase": "1.2.1",
				"cliui": "2.1.0",
				"decamelize": "1.2.0",
				"window-size": "0.1.0"
			}
		}
	}
}
