{
	"name": "x_ite",
	"version": "4.6.22",
	"lockfileVersion": 2,
	"requires": true,
	"packages": {
		"": {
			"version": "4.6.22",
			"license": "GPL-3.0",
			"devDependencies": {
				"ammojs": "0.0.2",
				"CharLS.js": "^2.0.1",
				"css-element-queries": "^1.2.3",
				"dicom-parser": "^1.8.7",
				"jpeg-js": "^0.4.1",
				"jpeg-lossless-decoder-js": "^2.0.4",
				"jquery": "^3.5.1",
				"jquery-contextmenu": "^2.9.2",
				"jquery-mousewheel": "^3.1.13",
				"jquery.fullscreen": "^0.6.0",
				"libtess": "^1.2.2",
				"OpenJPEG.js": "^0.10.2",
				"opentype.js": "^0.11.0",
				"pako": "^1.0.11",
				"require": "^0.4.4",
				"requirejs": "^2.3.6",
				"requirejs-text": "^2.0.15",
				"sprintf-js": "^1.1.2",
				"uglify-js-es6": "^2.8.9"
			}
		},
		"node_modules/align-text": {
			"version": "0.1.4",
			"resolved": "https://registry.npmjs.org/align-text/-/align-text-0.1.4.tgz",
			"integrity": "sha1-DNkKVhCT810KmSVsIrcGlDP60Rc=",
			"dev": true,
			"dependencies": {
				"kind-of": "^3.0.2",
				"longest": "^1.0.1",
				"repeat-string": "^1.5.2"
			},
			"engines": {
				"node": ">=0.10.0"
			}
		},
		"node_modules/ammojs": {
			"version": "0.0.2",
			"resolved": "https://registry.npmjs.org/ammojs/-/ammojs-0.0.2.tgz",
			"integrity": "sha1-EWwc0dEILa8S6IT82vqFkJpkNDc=",
			"dev": true
		},
		"node_modules/camelcase": {
			"version": "1.2.1",
			"resolved": "https://registry.npmjs.org/camelcase/-/camelcase-1.2.1.tgz",
			"integrity": "sha1-m7UwTS4LVmmLLHWLCKPqqdqlijk=",
			"dev": true,
			"engines": {
				"node": ">=0.10.0"
			}
		},
		"node_modules/center-align": {
			"version": "0.1.3",
			"resolved": "https://registry.npmjs.org/center-align/-/center-align-0.1.3.tgz",
			"integrity": "sha1-qg0yYptu6XIgBBHL1EYckHvCt60=",
			"dev": true,
			"dependencies": {
				"align-text": "^0.1.3",
				"lazy-cache": "^1.0.3"
			},
			"engines": {
				"node": ">=0.10.0"
			}
		},
		"node_modules/CharLS.js": {
			"version": "2.0.1",
			"resolved": "https://registry.npmjs.org/CharLS.js/-/CharLS.js-2.0.1.tgz",
			"integrity": "sha1-ymhWtTgQe5unBlJPV0G4eXR7xX4=",
			"dev": true
		},
		"node_modules/cliui": {
			"version": "2.1.0",
			"resolved": "https://registry.npmjs.org/cliui/-/cliui-2.1.0.tgz",
			"integrity": "sha1-S0dXYP+AJkx2LDoXGQMukcf+oNE=",
			"dev": true,
			"dependencies": {
				"center-align": "^0.1.1",
				"right-align": "^0.1.1",
				"wordwrap": "0.0.2"
			}
		},
		"node_modules/cliui/node_modules/wordwrap": {
			"version": "0.0.2",
			"resolved": "https://registry.npmjs.org/wordwrap/-/wordwrap-0.0.2.tgz",
			"integrity": "sha1-t5Zpu0LstAn4PVg8rVLKF+qhZD8=",
			"dev": true,
			"engines": {
				"node": ">=0.4.0"
			}
		},
		"node_modules/css-element-queries": {
			"version": "1.2.3",
			"resolved": "https://registry.npmjs.org/css-element-queries/-/css-element-queries-1.2.3.tgz",
			"integrity": "sha512-QK9uovYmKTsV2GXWQiMOByVNrLn2qz6m3P7vWpOR4IdD6I3iXoDw5qtgJEN3Xq7gIbdHVKvzHjdAtcl+4Arc4Q==",
			"dev": true
		},
		"node_modules/decamelize": {
			"version": "1.2.0",
			"resolved": "https://registry.npmjs.org/decamelize/-/decamelize-1.2.0.tgz",
			"integrity": "sha1-9lNNFRSCabIDUue+4m9QH5oZEpA=",
			"dev": true,
			"engines": {
				"node": ">=0.10.0"
			}
		},
		"node_modules/dicom-parser": {
			"version": "1.8.7",
			"resolved": "https://registry.npmjs.org/dicom-parser/-/dicom-parser-1.8.7.tgz",
			"integrity": "sha512-JRh6ciXii1JiDFxd3yUiteNZbOd4Ebmq9HBJlxEJ4Gd1CC5tMIs8zoztK69Ih0UeT96ixbmanb4M2mjaaYT8sg==",
			"dev": true
		},
		"node_modules/is-buffer": {
			"version": "1.1.6",
			"resolved": "https://registry.npmjs.org/is-buffer/-/is-buffer-1.1.6.tgz",
			"integrity": "sha512-NcdALwpXkTm5Zvvbk7owOUSvVvBKDgKP5/ewfXEznmQFfs4ZRmanOeKBTjRVjka3QFoN6XJ+9F3USqfHqTaU5w==",
			"dev": true
		},
		"node_modules/jpeg-js": {
			"version": "0.4.1",
			"resolved": "https://registry.npmjs.org/jpeg-js/-/jpeg-js-0.4.1.tgz",
			"integrity": "sha512-jA55yJiB5tCXEddos8JBbvW+IMrqY0y1tjjx9KNVtA+QPmu7ND5j0zkKopClpUTsaETL135uOM2XfcYG4XRjmw==",
			"dev": true
		},
		"node_modules/jpeg-lossless-decoder-js": {
			"version": "2.0.4",
			"resolved": "https://registry.npmjs.org/jpeg-lossless-decoder-js/-/jpeg-lossless-decoder-js-2.0.4.tgz",
			"integrity": "sha512-v12wgbfcNWiusRbIbMuNdMJiC3TsIYOMSLFNMGg5A9ABggOp5yjiRsZRHFtBVk+DD9uvWu74UgI3NWRiHGfKzQ==",
			"dev": true
		},
		"node_modules/jquery": {
			"version": "3.5.1",
			"resolved": "https://registry.npmjs.org/jquery/-/jquery-3.5.1.tgz",
			"integrity": "sha512-XwIBPqcMn57FxfT+Go5pzySnm4KWkT1Tv7gjrpT1srtf8Weynl6R273VJ5GjkRb51IzMp5nbaPjJXMWeju2MKg==",
			"dev": true
		},
		"node_modules/jquery-contextmenu": {
			"version": "2.9.2",
			"resolved": "https://registry.npmjs.org/jquery-contextmenu/-/jquery-contextmenu-2.9.2.tgz",
			"integrity": "sha512-6S6sH/08owDStC/7zNwcN366yR0ydX6PmMB0RnjLRQOp7Nc/rqwEHglshfHrrw2kdTev97GXwRXrayDUmToIOw==",
			"dev": true,
			"dependencies": {
				"jquery": "^3.5.0"
			}
		},
		"node_modules/jquery-mousewheel": {
			"version": "3.1.13",
			"resolved": "https://registry.npmjs.org/jquery-mousewheel/-/jquery-mousewheel-3.1.13.tgz",
			"integrity": "sha1-BvAzXxbjU6aV5yBr9QUDy1I6buU=",
			"dev": true
		},
		"node_modules/jquery.fullscreen": {
			"version": "0.6.0",
			"resolved": "https://registry.npmjs.org/jquery.fullscreen/-/jquery.fullscreen-0.6.0.tgz",
			"integrity": "sha1-l3ERBulutjlRR7YI5k3XBtNkJK0=",
			"dev": true
		},
		"node_modules/kind-of": {
			"version": "3.2.2",
			"resolved": "https://registry.npmjs.org/kind-of/-/kind-of-3.2.2.tgz",
			"integrity": "sha1-MeohpzS6ubuw8yRm2JOupR5KPGQ=",
			"dev": true,
			"dependencies": {
				"is-buffer": "^1.1.5"
			},
			"engines": {
				"node": ">=0.10.0"
			}
		},
		"node_modules/lazy-cache": {
			"version": "1.0.4",
			"resolved": "https://registry.npmjs.org/lazy-cache/-/lazy-cache-1.0.4.tgz",
			"integrity": "sha1-odePw6UEdMuAhF07O24dpJpEbo4=",
			"dev": true,
			"engines": {
				"node": ">=0.10.0"
			}
		},
		"node_modules/libtess": {
			"version": "1.2.2",
			"resolved": "https://registry.npmjs.org/libtess/-/libtess-1.2.2.tgz",
			"integrity": "sha1-Fz61KhpXoCOP5I8F0SJFB0SX+Jg=",
			"dev": true
		},
		"node_modules/longest": {
			"version": "1.0.1",
			"resolved": "https://registry.npmjs.org/longest/-/longest-1.0.1.tgz",
			"integrity": "sha1-MKCy2jj3N3DoKUoNIuZiXtd9AJc=",
			"dev": true,
			"engines": {
				"node": ">=0.10.0"
			}
		},
		"node_modules/OpenJPEG.js": {
			"version": "0.10.2",
			"resolved": "https://registry.npmjs.org/OpenJPEG.js/-/OpenJPEG.js-0.10.2.tgz",
			"integrity": "sha1-5htI3t+7rc5BJ4qPknK+1ysYJBc=",
			"dev": true
		},
		"node_modules/opentype.js": {
			"version": "0.11.0",
			"resolved": "https://registry.npmjs.org/opentype.js/-/opentype.js-0.11.0.tgz",
			"integrity": "sha512-Z9NkAyQi/iEKQYzCSa7/VJSqVIs33wknw8Z8po+DzuRUAqivJ+hJZ94mveg3xIeKwLreJdWTMyEO7x1K13l41Q==",
			"dev": true,
			"dependencies": {
				"string.prototype.codepointat": "^0.2.1",
				"tiny-inflate": "^1.0.2"
			},
			"bin": {
				"ot": "bin/ot"
			}
		},
		"node_modules/pako": {
			"version": "1.0.11",
			"resolved": "https://registry.npmjs.org/pako/-/pako-1.0.11.tgz",
			"integrity": "sha512-4hLB8Py4zZce5s4yd9XzopqwVv/yGNhV1Bl8NTmCq1763HeK2+EwVTv+leGeL13Dnh2wfbqowVPXCIO0z4taYw==",
			"dev": true
		},
		"node_modules/repeat-string": {
			"version": "1.6.1",
			"resolved": "https://registry.npmjs.org/repeat-string/-/repeat-string-1.6.1.tgz",
			"integrity": "sha1-jcrkcOHIirwtYA//Sndihtp15jc=",
			"dev": true,
			"engines": {
				"node": ">=0.10"
			}
		},
		"node_modules/require": {
			"version": "0.4.4",
			"resolved": "https://registry.npmjs.org/require/-/require-0.4.4.tgz",
			"integrity": "sha1-AZk4Uoc4zFXr0ZRxMGsSnl61z+A=",
			"dev": true,
			"bin": {
				"require": "bin/require-command.js"
			},
			"engines": {
				"browsers": "*",
				"node": "*"
			}
		},
		"node_modules/requirejs": {
			"version": "2.3.6",
			"resolved": "https://registry.npmjs.org/requirejs/-/requirejs-2.3.6.tgz",
			"integrity": "sha512-ipEzlWQe6RK3jkzikgCupiTbTvm4S0/CAU5GlgptkN5SO6F3u0UD0K18wy6ErDqiCyP4J4YYe1HuAShvsxePLg==",
			"dev": true,
			"bin": {
				"r_js": "bin/r.js",
				"r.js": "bin/r.js"
			},
			"engines": {
				"node": ">=0.4.0"
			}
		},
		"node_modules/requirejs-text": {
			"version": "2.0.15",
			"resolved": "https://registry.npmjs.org/requirejs-text/-/requirejs-text-2.0.15.tgz",
			"integrity": "sha1-ExOHM2E/xEV7fhJH6Mt1HfeqVCk=",
			"dev": true
		},
		"node_modules/right-align": {
			"version": "0.1.3",
			"resolved": "https://registry.npmjs.org/right-align/-/right-align-0.1.3.tgz",
			"integrity": "sha1-YTObci/mo1FWiSENJOFMlhSGE+8=",
			"dev": true,
			"dependencies": {
				"align-text": "^0.1.1"
			},
			"engines": {
				"node": ">=0.10.0"
			}
		},
		"node_modules/sprintf-js": {
			"version": "1.1.2",
			"resolved": "https://registry.npmjs.org/sprintf-js/-/sprintf-js-1.1.2.tgz",
			"integrity": "sha512-VE0SOVEHCk7Qc8ulkWw3ntAzXuqf7S2lvwQaDLRnUeIEaKNQJzV6BwmLKhOqT61aGhfUMrXeaBk+oDGCzvhcug==",
			"dev": true
		},
		"node_modules/string.prototype.codepointat": {
			"version": "0.2.1",
			"resolved": "https://registry.npmjs.org/string.prototype.codepointat/-/string.prototype.codepointat-0.2.1.tgz",
			"integrity": "sha512-2cBVCj6I4IOvEnjgO/hWqXjqBGsY+zwPmHl12Srk9IXSZ56Jwwmy+66XO5Iut/oQVR7t5ihYdLB0GMa4alEUcg==",
			"dev": true
		},
		"node_modules/tiny-inflate": {
			"version": "1.0.2",
			"resolved": "https://registry.npmjs.org/tiny-inflate/-/tiny-inflate-1.0.2.tgz",
			"integrity": "sha1-k9nez/yIBb1X6uQxDwt0Xptvs6c=",
			"dev": true
		},
		"node_modules/uglify-js-es6": {
			"version": "2.8.9",
			"resolved": "https://registry.npmjs.org/uglify-js-es6/-/uglify-js-es6-2.8.9.tgz",
			"integrity": "sha1-ojVFbmFOKvXUsx+8koLVxEUz3ho=",
			"dev": true,
			"dependencies": {
				"source-map": "~0.5.1",
				"uglify-to-browserify": "~1.0.0",
				"yargs": "~3.10.0"
			},
			"bin": {
				"uglifyjs": "bin/uglifyjs"
			},
			"engines": {
				"node": ">=0.8.0"
			}
		},
		"node_modules/uglify-js-es6/node_modules/source-map": {
			"version": "0.5.7",
			"resolved": "https://registry.npmjs.org/source-map/-/source-map-0.5.7.tgz",
			"integrity": "sha1-igOdLRAh0i0eoUyA2OpGi6LvP8w=",
			"dev": true,
			"engines": {
				"node": ">=0.10.0"
			}
		},
		"node_modules/uglify-to-browserify": {
			"version": "1.0.2",
			"resolved": "https://registry.npmjs.org/uglify-to-browserify/-/uglify-to-browserify-1.0.2.tgz",
			"integrity": "sha1-bgkk1r2mta/jSeOabWMoUKD4grc=",
			"dev": true
		},
		"node_modules/window-size": {
			"version": "0.1.0",
			"resolved": "https://registry.npmjs.org/window-size/-/window-size-0.1.0.tgz",
			"integrity": "sha1-VDjNLqk7IC76Ohn+iIeu58lPnJ0=",
			"dev": true,
			"engines": {
				"node": ">= 0.8.0"
			}
		},
		"node_modules/yargs": {
			"version": "3.10.0",
			"resolved": "https://registry.npmjs.org/yargs/-/yargs-3.10.0.tgz",
			"integrity": "sha1-9+572FfdfB0tOMDnTvvWgdFDH9E=",
			"dev": true,
			"dependencies": {
				"camelcase": "^1.0.2",
				"cliui": "^2.1.0",
				"decamelize": "^1.0.0",
				"window-size": "0.1.0"
			}
		}
	},
	"dependencies": {
		"align-text": {
			"version": "0.1.4",
			"resolved": "https://registry.npmjs.org/align-text/-/align-text-0.1.4.tgz",
			"integrity": "sha1-DNkKVhCT810KmSVsIrcGlDP60Rc=",
			"dev": true,
			"requires": {
				"kind-of": "^3.0.2",
				"longest": "^1.0.1",
				"repeat-string": "^1.5.2"
			}
		},
		"ammojs": {
			"version": "0.0.2",
			"resolved": "https://registry.npmjs.org/ammojs/-/ammojs-0.0.2.tgz",
			"integrity": "sha1-EWwc0dEILa8S6IT82vqFkJpkNDc=",
			"dev": true
		},
		"camelcase": {
			"version": "1.2.1",
			"resolved": "https://registry.npmjs.org/camelcase/-/camelcase-1.2.1.tgz",
			"integrity": "sha1-m7UwTS4LVmmLLHWLCKPqqdqlijk=",
			"dev": true
		},
		"center-align": {
			"version": "0.1.3",
			"resolved": "https://registry.npmjs.org/center-align/-/center-align-0.1.3.tgz",
			"integrity": "sha1-qg0yYptu6XIgBBHL1EYckHvCt60=",
			"dev": true,
			"requires": {
				"align-text": "^0.1.3",
				"lazy-cache": "^1.0.3"
			}
		},
		"CharLS.js": {
			"version": "2.0.1",
			"resolved": "https://registry.npmjs.org/CharLS.js/-/CharLS.js-2.0.1.tgz",
			"integrity": "sha1-ymhWtTgQe5unBlJPV0G4eXR7xX4=",
			"dev": true
		},
		"cliui": {
			"version": "2.1.0",
			"resolved": "https://registry.npmjs.org/cliui/-/cliui-2.1.0.tgz",
			"integrity": "sha1-S0dXYP+AJkx2LDoXGQMukcf+oNE=",
			"dev": true,
			"requires": {
				"center-align": "^0.1.1",
				"right-align": "^0.1.1",
				"wordwrap": "0.0.2"
			},
			"dependencies": {
				"wordwrap": {
					"version": "0.0.2",
					"resolved": "https://registry.npmjs.org/wordwrap/-/wordwrap-0.0.2.tgz",
					"integrity": "sha1-t5Zpu0LstAn4PVg8rVLKF+qhZD8=",
					"dev": true
				}
			}
		},
		"css-element-queries": {
			"version": "1.2.3",
			"resolved": "https://registry.npmjs.org/css-element-queries/-/css-element-queries-1.2.3.tgz",
			"integrity": "sha512-QK9uovYmKTsV2GXWQiMOByVNrLn2qz6m3P7vWpOR4IdD6I3iXoDw5qtgJEN3Xq7gIbdHVKvzHjdAtcl+4Arc4Q==",
			"dev": true
		},
		"decamelize": {
			"version": "1.2.0",
			"resolved": "https://registry.npmjs.org/decamelize/-/decamelize-1.2.0.tgz",
			"integrity": "sha1-9lNNFRSCabIDUue+4m9QH5oZEpA=",
			"dev": true
		},
		"dicom-parser": {
			"version": "1.8.7",
			"resolved": "https://registry.npmjs.org/dicom-parser/-/dicom-parser-1.8.7.tgz",
			"integrity": "sha512-JRh6ciXii1JiDFxd3yUiteNZbOd4Ebmq9HBJlxEJ4Gd1CC5tMIs8zoztK69Ih0UeT96ixbmanb4M2mjaaYT8sg==",
			"dev": true
		},
		"is-buffer": {
			"version": "1.1.6",
			"resolved": "https://registry.npmjs.org/is-buffer/-/is-buffer-1.1.6.tgz",
			"integrity": "sha512-NcdALwpXkTm5Zvvbk7owOUSvVvBKDgKP5/ewfXEznmQFfs4ZRmanOeKBTjRVjka3QFoN6XJ+9F3USqfHqTaU5w==",
			"dev": true
		},
		"jpeg-js": {
			"version": "0.4.1",
			"resolved": "https://registry.npmjs.org/jpeg-js/-/jpeg-js-0.4.1.tgz",
			"integrity": "sha512-jA55yJiB5tCXEddos8JBbvW+IMrqY0y1tjjx9KNVtA+QPmu7ND5j0zkKopClpUTsaETL135uOM2XfcYG4XRjmw==",
			"dev": true
		},
		"jpeg-lossless-decoder-js": {
			"version": "2.0.4",
			"resolved": "https://registry.npmjs.org/jpeg-lossless-decoder-js/-/jpeg-lossless-decoder-js-2.0.4.tgz",
			"integrity": "sha512-v12wgbfcNWiusRbIbMuNdMJiC3TsIYOMSLFNMGg5A9ABggOp5yjiRsZRHFtBVk+DD9uvWu74UgI3NWRiHGfKzQ==",
			"dev": true
		},
		"jquery": {
			"version": "3.5.1",
			"resolved": "https://registry.npmjs.org/jquery/-/jquery-3.5.1.tgz",
			"integrity": "sha512-XwIBPqcMn57FxfT+Go5pzySnm4KWkT1Tv7gjrpT1srtf8Weynl6R273VJ5GjkRb51IzMp5nbaPjJXMWeju2MKg==",
			"dev": true
		},
		"jquery-contextmenu": {
			"version": "2.9.2",
			"resolved": "https://registry.npmjs.org/jquery-contextmenu/-/jquery-contextmenu-2.9.2.tgz",
			"integrity": "sha512-6S6sH/08owDStC/7zNwcN366yR0ydX6PmMB0RnjLRQOp7Nc/rqwEHglshfHrrw2kdTev97GXwRXrayDUmToIOw==",
			"dev": true,
			"requires": {
				"jquery": "^3.5.0"
			}
		},
		"jquery-mousewheel": {
			"version": "3.1.13",
			"resolved": "https://registry.npmjs.org/jquery-mousewheel/-/jquery-mousewheel-3.1.13.tgz",
			"integrity": "sha1-BvAzXxbjU6aV5yBr9QUDy1I6buU=",
			"dev": true
		},
		"jquery.fullscreen": {
			"version": "0.6.0",
			"resolved": "https://registry.npmjs.org/jquery.fullscreen/-/jquery.fullscreen-0.6.0.tgz",
			"integrity": "sha1-l3ERBulutjlRR7YI5k3XBtNkJK0=",
			"dev": true
		},
		"kind-of": {
			"version": "3.2.2",
			"resolved": "https://registry.npmjs.org/kind-of/-/kind-of-3.2.2.tgz",
			"integrity": "sha1-MeohpzS6ubuw8yRm2JOupR5KPGQ=",
			"dev": true,
			"requires": {
				"is-buffer": "^1.1.5"
			}
		},
		"lazy-cache": {
			"version": "1.0.4",
			"resolved": "https://registry.npmjs.org/lazy-cache/-/lazy-cache-1.0.4.tgz",
			"integrity": "sha1-odePw6UEdMuAhF07O24dpJpEbo4=",
			"dev": true
		},
		"libtess": {
			"version": "1.2.2",
			"resolved": "https://registry.npmjs.org/libtess/-/libtess-1.2.2.tgz",
			"integrity": "sha1-Fz61KhpXoCOP5I8F0SJFB0SX+Jg=",
			"dev": true
		},
		"longest": {
			"version": "1.0.1",
			"resolved": "https://registry.npmjs.org/longest/-/longest-1.0.1.tgz",
			"integrity": "sha1-MKCy2jj3N3DoKUoNIuZiXtd9AJc=",
			"dev": true
		},
		"OpenJPEG.js": {
			"version": "0.10.2",
			"resolved": "https://registry.npmjs.org/OpenJPEG.js/-/OpenJPEG.js-0.10.2.tgz",
			"integrity": "sha1-5htI3t+7rc5BJ4qPknK+1ysYJBc=",
			"dev": true
		},
		"opentype.js": {
			"version": "0.11.0",
			"resolved": "https://registry.npmjs.org/opentype.js/-/opentype.js-0.11.0.tgz",
			"integrity": "sha512-Z9NkAyQi/iEKQYzCSa7/VJSqVIs33wknw8Z8po+DzuRUAqivJ+hJZ94mveg3xIeKwLreJdWTMyEO7x1K13l41Q==",
			"dev": true,
			"requires": {
				"string.prototype.codepointat": "^0.2.1",
				"tiny-inflate": "^1.0.2"
			}
		},
		"pako": {
			"version": "1.0.11",
			"resolved": "https://registry.npmjs.org/pako/-/pako-1.0.11.tgz",
			"integrity": "sha512-4hLB8Py4zZce5s4yd9XzopqwVv/yGNhV1Bl8NTmCq1763HeK2+EwVTv+leGeL13Dnh2wfbqowVPXCIO0z4taYw==",
			"dev": true
		},
		"repeat-string": {
			"version": "1.6.1",
			"resolved": "https://registry.npmjs.org/repeat-string/-/repeat-string-1.6.1.tgz",
			"integrity": "sha1-jcrkcOHIirwtYA//Sndihtp15jc=",
			"dev": true
		},
		"require": {
			"version": "0.4.4",
			"resolved": "https://registry.npmjs.org/require/-/require-0.4.4.tgz",
			"integrity": "sha1-AZk4Uoc4zFXr0ZRxMGsSnl61z+A=",
			"dev": true
		},
		"requirejs": {
			"version": "2.3.6",
			"resolved": "https://registry.npmjs.org/requirejs/-/requirejs-2.3.6.tgz",
			"integrity": "sha512-ipEzlWQe6RK3jkzikgCupiTbTvm4S0/CAU5GlgptkN5SO6F3u0UD0K18wy6ErDqiCyP4J4YYe1HuAShvsxePLg==",
			"dev": true
		},
		"requirejs-text": {
			"version": "2.0.15",
			"resolved": "https://registry.npmjs.org/requirejs-text/-/requirejs-text-2.0.15.tgz",
			"integrity": "sha1-ExOHM2E/xEV7fhJH6Mt1HfeqVCk=",
			"dev": true
		},
		"right-align": {
			"version": "0.1.3",
			"resolved": "https://registry.npmjs.org/right-align/-/right-align-0.1.3.tgz",
			"integrity": "sha1-YTObci/mo1FWiSENJOFMlhSGE+8=",
			"dev": true,
			"requires": {
				"align-text": "^0.1.1"
			}
		},
		"sprintf-js": {
			"version": "1.1.2",
			"resolved": "https://registry.npmjs.org/sprintf-js/-/sprintf-js-1.1.2.tgz",
			"integrity": "sha512-VE0SOVEHCk7Qc8ulkWw3ntAzXuqf7S2lvwQaDLRnUeIEaKNQJzV6BwmLKhOqT61aGhfUMrXeaBk+oDGCzvhcug==",
			"dev": true
		},
		"string.prototype.codepointat": {
			"version": "0.2.1",
			"resolved": "https://registry.npmjs.org/string.prototype.codepointat/-/string.prototype.codepointat-0.2.1.tgz",
			"integrity": "sha512-2cBVCj6I4IOvEnjgO/hWqXjqBGsY+zwPmHl12Srk9IXSZ56Jwwmy+66XO5Iut/oQVR7t5ihYdLB0GMa4alEUcg==",
			"dev": true
		},
		"tiny-inflate": {
			"version": "1.0.2",
			"resolved": "https://registry.npmjs.org/tiny-inflate/-/tiny-inflate-1.0.2.tgz",
			"integrity": "sha1-k9nez/yIBb1X6uQxDwt0Xptvs6c=",
			"dev": true
		},
		"uglify-js-es6": {
			"version": "2.8.9",
			"resolved": "https://registry.npmjs.org/uglify-js-es6/-/uglify-js-es6-2.8.9.tgz",
			"integrity": "sha1-ojVFbmFOKvXUsx+8koLVxEUz3ho=",
			"dev": true,
			"requires": {
				"source-map": "~0.5.1",
				"uglify-to-browserify": "~1.0.0",
				"yargs": "~3.10.0"
			},
			"dependencies": {
				"source-map": {
					"version": "0.5.7",
					"resolved": "https://registry.npmjs.org/source-map/-/source-map-0.5.7.tgz",
					"integrity": "sha1-igOdLRAh0i0eoUyA2OpGi6LvP8w=",
					"dev": true
				}
			}
		},
		"uglify-to-browserify": {
			"version": "1.0.2",
			"resolved": "https://registry.npmjs.org/uglify-to-browserify/-/uglify-to-browserify-1.0.2.tgz",
			"integrity": "sha1-bgkk1r2mta/jSeOabWMoUKD4grc=",
			"dev": true
		},
		"window-size": {
			"version": "0.1.0",
			"resolved": "https://registry.npmjs.org/window-size/-/window-size-0.1.0.tgz",
			"integrity": "sha1-VDjNLqk7IC76Ohn+iIeu58lPnJ0=",
			"dev": true
		},
		"yargs": {
			"version": "3.10.0",
			"resolved": "https://registry.npmjs.org/yargs/-/yargs-3.10.0.tgz",
			"integrity": "sha1-9+572FfdfB0tOMDnTvvWgdFDH9E=",
			"dev": true,
			"requires": {
				"camelcase": "^1.0.2",
				"cliui": "^2.1.0",
				"decamelize": "^1.0.0",
				"window-size": "0.1.0"
			}
		}
	}
}
